
Microsoft Visual Studio Solution File, Format Version 12.00
# Visual Studio Version 16
VisualStudioVersion = 16.0.32602.291
MinimumVisualStudioVersion = 10.0.40219.1
Project("{8BC9CEB8-8B4A-11D0-8D11-00A0C91BC942}") = "A. DS二叉树--赫夫曼树的构建与编码（不含代码框架）", "A. DS二叉树--赫夫曼树的构建与编码（不含代码框架）\A. DS二叉树--赫夫曼树的构建与编码（不含代码框架）.vcxproj", "{03F7799B-547D-4476-B043-D11AB99CF318}"
EndProject
Global
	GlobalSection(SolutionConfigurationPlatforms) = preSolution
		Debug|x64 = Debug|x64
		Debug|x86 = Debug|x86
		Release|x64 = Release|x64
		Release|x86 = Release|x86
	EndGlobalSection
	GlobalSection(ProjectConfigurationPlatforms) = postSolution
		{03F7799B-547D-4476-B043-D11AB99CF318}.Debug|x64.ActiveCfg = Debug|x64
		{03F7799B-547D-4476-B043-D11AB99CF318}.Debug|x64.Build.0 = Debug|x64
		{03F7799B-547D-4476-B043-D11AB99CF318}.Debug|x86.ActiveCfg = Debug|Win32
		{03F7799B-547D-4476-B043-D11AB99CF318}.Debug|x86.Build.0 = Debug|Win32
		{03F7799B-547D-4476-B043-D11AB99CF318}.Release|x64.ActiveCfg = Release|x64
		{03F7799B-547D-4476-B043-D11AB99CF318}.Release|x64.Build.0 = Release|x64
		{03F7799B-547D-4476-B043-D11AB99CF318}.Release|x86.ActiveCfg = Release|Win32
		{03F7799B-547D-4476-B043-D11AB99CF318}.Release|x86.Build.0 = Release|Win32
	EndGlobalSection
	GlobalSection(SolutionProperties) = preSolution
		HideSolutionNode = FALSE
	EndGlobalSection
	GlobalSection(ExtensibilityGlobals) = postSolution
		SolutionGuid = {A347DEB2-1972-4C03-B87A-759A87843634}
	EndGlobalSection
EndGlobal
