
Microsoft Visual Studio Solution File, Format Version 12.00
# Visual Studio Version 16
VisualStudioVersion = 16.0.32602.291
MinimumVisualStudioVersion = 10.0.40219.1
Project("{8BC9CEB8-8B4A-11D0-8D11-00A0C91BC942}") = "A. DS堆栈--表达式计算", "A. DS堆栈--表达式计算\A. DS堆栈--表达式计算.vcxproj", "{E079D0A3-95DF-459C-B591-ABC4F64CBF04}"
EndProject
Global
	GlobalSection(SolutionConfigurationPlatforms) = preSolution
		Debug|x64 = Debug|x64
		Debug|x86 = Debug|x86
		Release|x64 = Release|x64
		Release|x86 = Release|x86
	EndGlobalSection
	GlobalSection(ProjectConfigurationPlatforms) = postSolution
		{E079D0A3-95DF-459C-B591-ABC4F64CBF04}.Debug|x64.ActiveCfg = Debug|x64
		{E079D0A3-95DF-459C-B591-ABC4F64CBF04}.Debug|x64.Build.0 = Debug|x64
		{E079D0A3-95DF-459C-B591-ABC4F64CBF04}.Debug|x86.ActiveCfg = Debug|Win32
		{E079D0A3-95DF-459C-B591-ABC4F64CBF04}.Debug|x86.Build.0 = Debug|Win32
		{E079D0A3-95DF-459C-B591-ABC4F64CBF04}.Release|x64.ActiveCfg = Release|x64
		{E079D0A3-95DF-459C-B591-ABC4F64CBF04}.Release|x64.Build.0 = Release|x64
		{E079D0A3-95DF-459C-B591-ABC4F64CBF04}.Release|x86.ActiveCfg = Release|Win32
		{E079D0A3-95DF-459C-B591-ABC4F64CBF04}.Release|x86.Build.0 = Release|Win32
	EndGlobalSection
	GlobalSection(SolutionProperties) = preSolution
		HideSolutionNode = FALSE
	EndGlobalSection
	GlobalSection(ExtensibilityGlobals) = postSolution
		SolutionGuid = {B130FDBF-EDFB-4F02-925C-A4AD4B6A23A0}
	EndGlobalSection
EndGlobal
